{
  "name": "kabanery-glare",
  "version": "0.0.1",
  "lockfileVersion": 1,
  "requires": true,
  "dependencies": {
    "basetype": {
      "version": "0.1.4",
      "resolved": "https://registry.npmjs.org/basetype/-/basetype-0.1.4.tgz",
      "integrity": "sha1-MMaS/b33ZSDBcMiGFO9hWtlTivs="
    },
    "bolzano": {
      "version": "0.0.1",
      "resolved": "https://registry.npmjs.org/bolzano/-/bolzano-0.0.1.tgz",
      "integrity": "sha1-Z4OlwGf19c4at+PRITjGI/j9UGw=",
      "requires": {
        "basetype": "^0.1.0"
      }
    },
    "describe-data": {
      "version": "0.0.1",
      "resolved": "https://registry.npmjs.org/describe-data/-/describe-data-0.0.1.tgz",
      "integrity": "sha1-7HXRigYwE6FI4CS+7ZXO/PrNufs=",
      "requires": {
        "bolzano": "^0.1.1"
      },
      "dependencies": {
        "bolzano": {
          "version": "0.1.1",
          "resolved": "https://registry.npmjs.org/bolzano/-/bolzano-0.1.1.tgz",
          "integrity": "sha1-6UMQYyS+74zTwP9fSbw9Nbg6UIE=",
          "requires": {
            "basetype": "^0.1.2"
          }
        }
      }
    },
    "doming": {
      "version": "0.0.1",
      "resolved": "https://registry.npmjs.org/doming/-/doming-0.0.1.tgz",
      "integrity": "sha1-fWv56E1bIz+Di5rJ1YzNmi7Mcf0="
    },
    "jsenhance": {
      "version": "0.0.1",
      "resolved": "https://registry.npmjs.org/jsenhance/-/jsenhance-0.0.1.tgz",
      "integrity": "sha1-UMcY7DubMt7g7rDe7FP+CBAr3uw=",
      "requires": {
        "basetype": "^0.1.0",
        "bolzano": "0.0.1"
      }
    },
    "kabanery": {
      "version": "0.2.22",
      "resolved": "https://registry.npmjs.org/kabanery/-/kabanery-0.2.22.tgz",
      "integrity": "sha512-La9112CFyXLgl7PnBHRMXeHjkLnH+bvjblYw80UTi5yOvjfhfMORITuAfc4TKInZWS45dyAQY98ZErdpXDqK0A==",
      "requires": {
        "basetype": "^0.1.0",
        "bolzano": "0.0.1",
        "describe-data": "0.0.1",
        "doming": "0.0.1",
        "jsenhance": "0.0.1",
        "uuid": "^3.1.0"
      }
    },
    "uuid": {
      "version": "3.3.2",
      "resolved": "https://registry.npmjs.org/uuid/-/uuid-3.3.2.tgz",
      "integrity": "sha512-yXJmeNaw3DnnKAOKJE51sL/ZaYfWJRl1pK9dr19YFCu0ObS231AB1/LbqTKRAQ5kw8A90rA6fr4riOUpTZvQZA=="
    }
  }
}
